// !$*UTF8*$!
{
	archiveVersion = 1;
	classes = {
	};
	objectVersion = 46;
	objects = {

/* Begin PBXBuildFile section */
		4E9913091E61208D00DF725F /* main.swift in Sources */ = {isa = PBXBuildFile; fileRef = 4E9913081E61208D00DF725F /* main.swift */; };
		4E9913101E6121E800DF725F /* CommandLineParseResult.swift in Sources */ = {isa = PBXBuildFile; fileRef = 4E99130F1E6121E800DF725F /* CommandLineParseResult.swift */; };
		4E9913121E6126F400DF725F /* Array_appending.swift in Sources */ = {isa = PBXBuildFile; fileRef = 4E9913111E6126F400DF725F /* Array_appending.swift */; };
		4E9913141E61273400DF725F /* String_substring_fromNumericIndex.swift in Sources */ = {isa = PBXBuildFile; fileRef = 4E9913131E61273400DF725F /* String_substring_fromNumericIndex.swift */; };
		4E9913161E612BE400DF725F /* DataInputStream.swift in Sources */ = {isa = PBXBuildFile; fileRef = 4E9913151E612BE400DF725F /* DataInputStream.swift */; };
		4E9913181E6135AE00DF725F /* FileHandle_TextOutputStream.swift in Sources */ = {isa = PBXBuildFile; fileRef = 4E9913171E6135AE00DF725F /* FileHandle_TextOutputStream.swift */; };
		4E99131A1E61401200DF725F /* Data_convertNonPrintingCharacters.swift in Sources */ = {isa = PBXBuildFile; fileRef = 4E9913191E61401200DF725F /* Data_convertNonPrintingCharacters.swift */; };
/* End PBXBuildFile section */

/* Begin PBXCopyFilesBuildPhase section */
		4E9913031E61208D00DF725F /* CopyFiles */ = {
			isa = PBXCopyFilesBuildPhase;
			buildActionMask = 2147483647;
			dstPath = /usr/share/man/man1/;
			dstSubfolderSpec = 0;
			files = (
			);
			runOnlyForDeploymentPostprocessing = 1;
		};
/* End PBXCopyFilesBuildPhase section */

/* Begin PBXFileReference section */
		4E9913051E61208D00DF725F /* swiftcat */ = {isa = PBXFileReference; explicitFileType = "compiled.mach-o.executable"; includeInIndex = 0; path = swiftcat; sourceTree = BUILT_PRODUCTS_DIR; };
		4E9913081E61208D00DF725F /* main.swift */ = {isa = PBXFileReference; lastKnownFileType = sourcecode.swift; path = main.swift; sourceTree = "<group>"; };
		4E99130F1E6121E800DF725F /* CommandLineParseResult.swift */ = {isa = PBXFileReference; fileEncoding = 4; lastKnownFileType = sourcecode.swift; path = CommandLineParseResult.swift; sourceTree = "<group>"; };
		4E9913111E6126F400DF725F /* Array_appending.swift */ = {isa = PBXFileReference; fileEncoding = 4; lastKnownFileType = sourcecode.swift; path = Array_appending.swift; sourceTree = "<group>"; };
		4E9913131E61273400DF725F /* String_substring_fromNumericIndex.swift */ = {isa = PBXFileReference; fileEncoding = 4; lastKnownFileType = sourcecode.swift; path = String_substring_fromNumericIndex.swift; sourceTree = "<group>"; };
		4E9913151E612BE400DF725F /* DataInputStream.swift */ = {isa = PBXFileReference; fileEncoding = 4; lastKnownFileType = sourcecode.swift; path = DataInputStream.swift; sourceTree = "<group>"; };
		4E9913171E6135AE00DF725F /* FileHandle_TextOutputStream.swift */ = {isa = PBXFileReference; fileEncoding = 4; lastKnownFileType = sourcecode.swift; path = FileHandle_TextOutputStream.swift; sourceTree = "<group>"; };
		4E9913191E61401200DF725F /* Data_convertNonPrintingCharacters.swift */ = {isa = PBXFileReference; fileEncoding = 4; lastKnownFileType = sourcecode.swift; path = Data_convertNonPrintingCharacters.swift; sourceTree = "<group>"; };
/* End PBXFileReference section */

/* Begin PBXFrameworksBuildPhase section */
		4E9913021E61208D00DF725F /* Frameworks */ = {
			isa = PBXFrameworksBuildPhase;
			buildActionMask = 2147483647;
			files = (
			);
			runOnlyForDeploymentPostprocessing = 0;
		};
/* End PBXFrameworksBuildPhase section */

/* Begin PBXGroup section */
		4E9912FC1E61208D00DF725F = {
			isa = PBXGroup;
			children = (
				4E9913071E61208D00DF725F /* swiftcat */,
				4E9913061E61208D00DF725F /* Products */,
			);
			sourceTree = "<group>";
		};
		4E9913061E61208D00DF725F /* Products */ = {
			isa = PBXGroup;
			children = (
				4E9913051E61208D00DF725F /* swiftcat */,
			);
			name = Products;
			sourceTree = "<group>";
		};
		4E9913071E61208D00DF725F /* swiftcat */ = {
			isa = PBXGroup;
			children = (
				4E9913111E6126F400DF725F /* Array_appending.swift */,
				4E99130F1E6121E800DF725F /* CommandLineParseResult.swift */,
				4E9913191E61401200DF725F /* Data_convertNonPrintingCharacters.swift */,
				4E9913151E612BE400DF725F /* DataInputStream.swift */,
				4E9913171E6135AE00DF725F /* FileHandle_TextOutputStream.swift */,
				4E9913081E61208D00DF725F /* main.swift */,
				4E9913131E61273400DF725F /* String_substring_fromNumericIndex.swift */,
			);
			path = swiftcat;
			sourceTree = "<group>";
		};
/* End PBXGroup section */

/* Begin PBXNativeTarget section */
		4E9913041E61208D00DF725F /* swiftcat */ = {
			isa = PBXNativeTarget;
			buildConfigurationList = 4E99130C1E61208D00DF725F /* Build configuration list for PBXNativeTarget "swiftcat" */;
			buildPhases = (
				4E9913011E61208D00DF725F /* Sources */,
				4E9913021E61208D00DF725F /* Frameworks */,
				4E9913031E61208D00DF725F /* CopyFiles */,
			);
			buildRules = (
			);
			dependencies = (
			);
			name = swiftcat;
			productName = swiftcat;
			productReference = 4E9913051E61208D00DF725F /* swiftcat */;
			productType = "com.apple.product-type.tool";
		};
/* End PBXNativeTarget section */

/* Begin PBXProject section */
		4E9912FD1E61208D00DF725F /* Project object */ = {
			isa = PBXProject;
			attributes = {
				LastSwiftUpdateCheck = 0820;
				LastUpgradeCheck = 0820;
				ORGANIZATIONNAME = "Kristopher Johnson";
				TargetAttributes = {
					4E9913041E61208D00DF725F = {
						CreatedOnToolsVersion = 8.2.1;
						DevelopmentTeam = D5E423632K;
						ProvisioningStyle = Automatic;
					};
				};
			};
			buildConfigurationList = 4E9913001E61208D00DF725F /* Build configuration list for PBXProject "swiftcat" */;
			compatibilityVersion = "Xcode 3.2";
			developmentRegion = English;
			hasScannedForEncodings = 0;
			knownRegions = (
				en,
			);
			mainGroup = 4E9912FC1E61208D00DF725F;
			productRefGroup = 4E9913061E61208D00DF725F /* Products */;
			projectDirPath = "";
			projectRoot = "";
			targets = (
				4E9913041E61208D00DF725F /* swiftcat */,
			);
		};
/* End PBXProject section */

/* Begin PBXSourcesBuildPhase section */
		4E9913011E61208D00DF725F /* Sources */ = {
			isa = PBXSourcesBuildPhase;
			buildActionMask = 2147483647;
			files = (
				4E9913101E6121E800DF725F /* CommandLineParseResult.swift in Sources */,
				4E9913091E61208D00DF725F /* main.swift in Sources */,
				4E9913121E6126F400DF725F /* Array_appending.swift in Sources */,
				4E9913181E6135AE00DF725F /* FileHandle_TextOutputStream.swift in Sources */,
				4E99131A1E61401200DF725F /* Data_convertNonPrintingCharacters.swift in Sources */,
				4E9913141E61273400DF725F /* String_substring_fromNumericIndex.swift in Sources */,
				4E9913161E612BE400DF725F /* DataInputStream.swift in Sources */,
			);
			runOnlyForDeploymentPostprocessing = 0;
		};
/* End PBXSourcesBuildPhase section */

/* Begin XCBuildConfiguration section */
		4E99130A1E61208D00DF725F /* Debug */ = {
			isa = XCBuildConfiguration;
			buildSettings = {
				ALWAYS_SEARCH_USER_PATHS = NO;
				CLANG_ANALYZER_NONNULL = YES;
				CLANG_CXX_LANGUAGE_STANDARD = "gnu++0x";
				CLANG_CXX_LIBRARY = "libc++";
				CLANG_ENABLE_MODULES = YES;
				CLANG_ENABLE_OBJC_ARC = YES;
				CLANG_WARN_BOOL_CONVERSION = YES;
				CLANG_WARN_CONSTANT_CONVERSION = YES;
				CLANG_WARN_DIRECT_OBJC_ISA_USAGE = YES_ERROR;
				CLANG_WARN_DOCUMENTATION_COMMENTS = YES;
				CLANG_WARN_EMPTY_BODY = YES;
				CLANG_WARN_ENUM_CONVERSION = YES;
				CLANG_WARN_INFINITE_RECURSION = YES;
				CLANG_WARN_INT_CONVERSION = YES;
				CLANG_WARN_OBJC_ROOT_CLASS = YES_ERROR;
				CLANG_WARN_SUSPICIOUS_MOVE = YES;
				CLANG_WARN_UNREACHABLE_CODE = YES;
				CLANG_WARN__DUPLICATE_METHOD_MATCH = YES;
				CODE_SIGN_IDENTITY = "-";
				COPY_PHASE_STRIP = NO;
				DEBUG_INFORMATION_FORMAT = dwarf;
				ENABLE_STRICT_OBJC_MSGSEND = YES;
				ENABLE_TESTABILITY = YES;
				GCC_C_LANGUAGE_STANDARD = gnu99;
				GCC_DYNAMIC_NO_PIC = NO;
				GCC_NO_COMMON_BLOCKS = YES;
				GCC_OPTIMIZATION_LEVEL = 0;
				GCC_PREPROCESSOR_DEFINITIONS = (
					"DEBUG=1",
					"$(inherited)",
				);
				GCC_WARN_64_TO_32_BIT_CONVERSION = YES;
				GCC_WARN_ABOUT_RETURN_TYPE = YES_ERROR;
				GCC_WARN_UNDECLARED_SELECTOR = YES;
				GCC_WARN_UNINITIALIZED_AUTOS = YES_AGGRESSIVE;
				GCC_WARN_UNUSED_FUNCTION = YES;
				GCC_WARN_UNUSED_VARIABLE = YES;
				MACOSX_DEPLOYMENT_TARGET = 10.12;
				MTL_ENABLE_DEBUG_INFO = YES;
				ONLY_ACTIVE_ARCH = YES;
				SDKROOT = macosx;
				SWIFT_OPTIMIZATION_LEVEL = "-Onone";
			};
			name = Debug;
		};
		4E99130B1E61208D00DF725F /* Release */ = {
			isa = XCBuildConfiguration;
			buildSettings = {
				ALWAYS_SEARCH_USER_PATHS = NO;
				CLANG_ANALYZER_NONNULL = YES;
				CLANG_CXX_LANGUAGE_STANDARD = "gnu++0x";
				CLANG_CXX_LIBRARY = "libc++";
				CLANG_ENABLE_MODULES = YES;
				CLANG_ENABLE_OBJC_ARC = YES;
				CLANG_WARN_BOOL_CONVERSION = YES;
				CLANG_WARN_CONSTANT_CONVERSION = YES;
				CLANG_WARN_DIRECT_OBJC_ISA_USAGE = YES_ERROR;
				CLANG_WARN_DOCUMENTATION_COMMENTS = YES;
				CLANG_WARN_EMPTY_BODY = YES;
				CLANG_WARN_ENUM_CONVERSION = YES;
				CLANG_WARN_INFINITE_RECURSION = YES;
				CLANG_WARN_INT_CONVERSION = YES;
				CLANG_WARN_OBJC_ROOT_CLASS = YES_ERROR;
				CLANG_WARN_SUSPICIOUS_MOVE = YES;
				CLANG_WARN_UNREACHABLE_CODE = YES;
				CLANG_WARN__DUPLICATE_METHOD_MATCH = YES;
				CODE_SIGN_IDENTITY = "-";
				COPY_PHASE_STRIP = NO;
				DEBUG_INFORMATION_FORMAT = "dwarf-with-dsym";
				ENABLE_NS_ASSERTIONS = NO;
				ENABLE_STRICT_OBJC_MSGSEND = YES;
				GCC_C_LANGUAGE_STANDARD = gnu99;
				GCC_NO_COMMON_BLOCKS = YES;
				GCC_WARN_64_TO_32_BIT_CONVERSION = YES;
				GCC_WARN_ABOUT_RETURN_TYPE = YES_ERROR;
				GCC_WARN_UNDECLARED_SELECTOR = YES;
				GCC_WARN_UNINITIALIZED_AUTOS = YES_AGGRESSIVE;
				GCC_WARN_UNUSED_FUNCTION = YES;
				GCC_WARN_UNUSED_VARIABLE = YES;
				MACOSX_DEPLOYMENT_TARGET = 10.12;
				MTL_ENABLE_DEBUG_INFO = NO;
				SDKROOT = macosx;
			};
			name = Release;
		};
		4E99130D1E61208D00DF725F /* Debug */ = {
			isa = XCBuildConfiguration;
			buildSettings = {
				DEVELOPMENT_TEAM = D5E423632K;
				PRODUCT_NAME = "$(TARGET_NAME)";
				SWIFT_VERSION = 3.0;
			};
			name = Debug;
		};
		4E99130E1E61208D00DF725F /* Release */ = {
			isa = XCBuildConfiguration;
			buildSettings = {
				DEVELOPMENT_TEAM = D5E423632K;
				PRODUCT_NAME = "$(TARGET_NAME)";
				SWIFT_VERSION = 3.0;
			};
			name = Release;
		};
/* End XCBuildConfiguration section */

/* Begin XCConfigurationList section */
		4E9913001E61208D00DF725F /* Build configuration list for PBXProject "swiftcat" */ = {
			isa = XCConfigurationList;
			buildConfigurations = (
				4E99130A1E61208D00DF725F /* Debug */,
				4E99130B1E61208D00DF725F /* Release */,
			);
			defaultConfigurationIsVisible = 0;
			defaultConfigurationName = Release;
		};
		4E99130C1E61208D00DF725F /* Build configuration list for PBXNativeTarget "swiftcat" */ = {
			isa = XCConfigurationList;
			buildConfigurations = (
				4E99130D1E61208D00DF725F /* Debug */,
				4E99130E1E61208D00DF725F /* Release */,
			);
			defaultConfigurationIsVisible = 0;
			defaultConfigurationName = Release;
		};
/* End XCConfigurationList section */
	};
	rootObject = 4E9912FD1E61208D00DF725F /* Project object */;
}
